
Microsoft Visual Studio Solution File, Format Version 12.00
# Visual Studio Version 17
VisualStudioVersion = 17.5.33627.172
MinimumVisualStudioVersion = 10.0.40219.1
Project("{9A19103F-16F7-4668-BE54-9A1E7A4F7556}") = "TransactionalBlobStorage", "src\TransactionalBlobStorage\TransactionalBlobStorage.csproj", "{6D965F43-F0D5-4F80-8B22-BCC508A1320B}"
EndProject
Project("{9A19103F-16F7-4668-BE54-9A1E7A4F7556}") = "TransactionalBlobStorage.Tests", "tests\TransactionalBlobStorage.Tests.csproj", "{E129E7BA-D13F-464B-A4DC-525FD5F4BEF6}"
EndProject
Project("{FAE04EC0-301F-11D3-BF4B-00C04F79EFBC}") = "TransactionalBlobStorage.Net", "src\TransactionalBlobStorage.Net\TransactionalBlobStorage.Net.csproj", "{42633C0B-7098-4B8A-8811-154B4D7860F8}"
EndProject
Global
	GlobalSection(SolutionConfigurationPlatforms) = preSolution
		Debug|Any CPU = Debug|Any CPU
		Release|Any CPU = Release|Any CPU
	EndGlobalSection
	GlobalSection(ProjectConfigurationPlatforms) = postSolution
		{6D965F43-F0D5-4F80-8B22-BCC508A1320B}.Debug|Any CPU.ActiveCfg = Debug|Any CPU
		{6D965F43-F0D5-4F80-8B22-BCC508A1320B}.Debug|Any CPU.Build.0 = Debug|Any CPU
		{6D965F43-F0D5-4F80-8B22-BCC508A1320B}.Release|Any CPU.ActiveCfg = Release|Any CPU
		{6D965F43-F0D5-4F80-8B22-BCC508A1320B}.Release|Any CPU.Build.0 = Release|Any CPU
		{E129E7BA-D13F-464B-A4DC-525FD5F4BEF6}.Debug|Any CPU.ActiveCfg = Debug|Any CPU
		{E129E7BA-D13F-464B-A4DC-525FD5F4BEF6}.Debug|Any CPU.Build.0 = Debug|Any CPU
		{E129E7BA-D13F-464B-A4DC-525FD5F4BEF6}.Release|Any CPU.ActiveCfg = Release|Any CPU
		{E129E7BA-D13F-464B-A4DC-525FD5F4BEF6}.Release|Any CPU.Build.0 = Release|Any CPU
		{42633C0B-7098-4B8A-8811-154B4D7860F8}.Debug|Any CPU.ActiveCfg = Debug|Any CPU
		{42633C0B-7098-4B8A-8811-154B4D7860F8}.Debug|Any CPU.Build.0 = Debug|Any CPU
		{42633C0B-7098-4B8A-8811-154B4D7860F8}.Release|Any CPU.ActiveCfg = Release|Any CPU
		{42633C0B-7098-4B8A-8811-154B4D7860F8}.Release|Any CPU.Build.0 = Release|Any CPU
	EndGlobalSection
	GlobalSection(SolutionProperties) = preSolution
		HideSolutionNode = FALSE
	EndGlobalSection
	GlobalSection(ExtensibilityGlobals) = postSolution
		SolutionGuid = {EDAEBBBA-A7CB-483F-A356-38C68D5EBFF9}
	EndGlobalSection
EndGlobal
